
Microsoft Visual Studio Solution File, Format Version 12.00
# Visual Studio Version 16
VisualStudioVersion = 16.0.28917.181
MinimumVisualStudioVersion = 10.0.40219.1
Project("{FAE04EC0-301F-11D3-BF4B-00C04F79EFBC}") = "NLogSetting", "NLogSetting\NLogSetting.csproj", "{76AB3FB6-A446-4A6B-BF34-EAACDB6272B9}"
EndProject
Global
	GlobalSection(SolutionConfigurationPlatforms) = preSolution
		Debug|Any CPU = Debug|Any CPU
		Release|Any CPU = Release|Any CPU
	EndGlobalSection
	GlobalSection(ProjectConfigurationPlatforms) = postSolution
		{76AB3FB6-A446-4A6B-BF34-EAACDB6272B9}.Debug|Any CPU.ActiveCfg = Debug|Any CPU
		{76AB3FB6-A446-4A6B-BF34-EAACDB6272B9}.Debug|Any CPU.Build.0 = Debug|Any CPU
		{76AB3FB6-A446-4A6B-BF34-EAACDB6272B9}.Release|Any CPU.ActiveCfg = Release|Any CPU
		{76AB3FB6-A446-4A6B-BF34-EAACDB6272B9}.Release|Any CPU.Build.0 = Release|Any CPU
	EndGlobalSection
	GlobalSection(SolutionProperties) = preSolution
		HideSolutionNode = FALSE
	EndGlobalSection
	GlobalSection(ExtensibilityGlobals) = postSolution
		SolutionGuid = {06F8C27F-8CA8-4434-B68D-DFFE2EE1B8E8}
	EndGlobalSection
EndGlobal
